{
  "name": "@krhkt/custom-element-boilerplate-setup",
  "version": "1.0.2",
  "lockfileVersion": 2,
  "requires": true,
  "packages": {
    "": {
      "name": "@krhkt/custom-element-boilerplate-setup",
      "version": "1.0.2",
      "license": "MIT",
      "bin": {
        "custom-element-boilerplate-setup": "src/main.js"
      }
    }
  }
}
